
Microsoft Visual Studio Solution File, Format Version 12.00
# Visual Studio Version 16
VisualStudioVersion = 16.0.30717.126
MinimumVisualStudioVersion = 10.0.40219.1
Project("{8BC9CEB8-8B4A-11D0-8D11-00A0C91BC942}") = "191307026OnurAkyıldızVeriYapılarıBSTOperasyonları", "191307026OnurAkyıldızVeriYapılarıBSTOperasyonları\191307026OnurAkyıldızVeriYapılarıBSTOperasyonları.vcxproj", "{EEEFBD24-69B6-47DC-B967-EBE9216C2B5A}"
EndProject
Global
	GlobalSection(SolutionConfigurationPlatforms) = preSolution
		Debug|x64 = Debug|x64
		Debug|x86 = Debug|x86
		Release|x64 = Release|x64
		Release|x86 = Release|x86
	EndGlobalSection
	GlobalSection(ProjectConfigurationPlatforms) = postSolution
		{EEEFBD24-69B6-47DC-B967-EBE9216C2B5A}.Debug|x64.ActiveCfg = Debug|x64
		{EEEFBD24-69B6-47DC-B967-EBE9216C2B5A}.Debug|x64.Build.0 = Debug|x64
		{EEEFBD24-69B6-47DC-B967-EBE9216C2B5A}.Debug|x86.ActiveCfg = Debug|Win32
		{EEEFBD24-69B6-47DC-B967-EBE9216C2B5A}.Debug|x86.Build.0 = Debug|Win32
		{EEEFBD24-69B6-47DC-B967-EBE9216C2B5A}.Release|x64.ActiveCfg = Release|x64
		{EEEFBD24-69B6-47DC-B967-EBE9216C2B5A}.Release|x64.Build.0 = Release|x64
		{EEEFBD24-69B6-47DC-B967-EBE9216C2B5A}.Release|x86.ActiveCfg = Release|Win32
		{EEEFBD24-69B6-47DC-B967-EBE9216C2B5A}.Release|x86.Build.0 = Release|Win32
	EndGlobalSection
	GlobalSection(SolutionProperties) = preSolution
		HideSolutionNode = FALSE
	EndGlobalSection
	GlobalSection(ExtensibilityGlobals) = postSolution
		SolutionGuid = {0C2F9BAD-E4FC-4D43-801E-5F9DE3F14609}
	EndGlobalSection
EndGlobal
