
Microsoft Visual Studio Solution File, Format Version 12.00
# Visual Studio Version 16
VisualStudioVersion = 16.0.30523.141
MinimumVisualStudioVersion = 10.0.40219.1
Project("{8BC9CEB8-8B4A-11D0-8D11-00A0C91BC942}") = "ders 4 queue C++", "ders 4 queue C++\ders 4 queue C++.vcxproj", "{7CA3F9DE-770C-4F78-A2B6-C503FE1D8546}"
EndProject
Global
	GlobalSection(SolutionConfigurationPlatforms) = preSolution
		Debug|x64 = Debug|x64
		Debug|x86 = Debug|x86
		Release|x64 = Release|x64
		Release|x86 = Release|x86
	EndGlobalSection
	GlobalSection(ProjectConfigurationPlatforms) = postSolution
		{7CA3F9DE-770C-4F78-A2B6-C503FE1D8546}.Debug|x64.ActiveCfg = Debug|x64
		{7CA3F9DE-770C-4F78-A2B6-C503FE1D8546}.Debug|x64.Build.0 = Debug|x64
		{7CA3F9DE-770C-4F78-A2B6-C503FE1D8546}.Debug|x86.ActiveCfg = Debug|Win32
		{7CA3F9DE-770C-4F78-A2B6-C503FE1D8546}.Debug|x86.Build.0 = Debug|Win32
		{7CA3F9DE-770C-4F78-A2B6-C503FE1D8546}.Release|x64.ActiveCfg = Release|x64
		{7CA3F9DE-770C-4F78-A2B6-C503FE1D8546}.Release|x64.Build.0 = Release|x64
		{7CA3F9DE-770C-4F78-A2B6-C503FE1D8546}.Release|x86.ActiveCfg = Release|Win32
		{7CA3F9DE-770C-4F78-A2B6-C503FE1D8546}.Release|x86.Build.0 = Release|Win32
	EndGlobalSection
	GlobalSection(SolutionProperties) = preSolution
		HideSolutionNode = FALSE
	EndGlobalSection
	GlobalSection(ExtensibilityGlobals) = postSolution
		SolutionGuid = {F844C9A1-CD2B-478D-9CBB-6072F2EA24E9}
	EndGlobalSection
EndGlobal
