
Microsoft Visual Studio Solution File, Format Version 12.00
# Visual Studio Version 16
VisualStudioVersion = 16.0.30523.141
MinimumVisualStudioVersion = 10.0.40219.1
Project("{8BC9CEB8-8B4A-11D0-8D11-00A0C91BC942}") = "veri yapıları lab ders 1", "veri yapıları lab ders 1\veri yapıları lab ders 1.vcxproj", "{D3648AC7-2C16-4DCD-9650-A8CFEBD7774F}"
EndProject
Global
	GlobalSection(SolutionConfigurationPlatforms) = preSolution
		Debug|x64 = Debug|x64
		Debug|x86 = Debug|x86
		Release|x64 = Release|x64
		Release|x86 = Release|x86
	EndGlobalSection
	GlobalSection(ProjectConfigurationPlatforms) = postSolution
		{D3648AC7-2C16-4DCD-9650-A8CFEBD7774F}.Debug|x64.ActiveCfg = Debug|x64
		{D3648AC7-2C16-4DCD-9650-A8CFEBD7774F}.Debug|x64.Build.0 = Debug|x64
		{D3648AC7-2C16-4DCD-9650-A8CFEBD7774F}.Debug|x86.ActiveCfg = Debug|Win32
		{D3648AC7-2C16-4DCD-9650-A8CFEBD7774F}.Debug|x86.Build.0 = Debug|Win32
		{D3648AC7-2C16-4DCD-9650-A8CFEBD7774F}.Release|x64.ActiveCfg = Release|x64
		{D3648AC7-2C16-4DCD-9650-A8CFEBD7774F}.Release|x64.Build.0 = Release|x64
		{D3648AC7-2C16-4DCD-9650-A8CFEBD7774F}.Release|x86.ActiveCfg = Release|Win32
		{D3648AC7-2C16-4DCD-9650-A8CFEBD7774F}.Release|x86.Build.0 = Release|Win32
	EndGlobalSection
	GlobalSection(SolutionProperties) = preSolution
		HideSolutionNode = FALSE
	EndGlobalSection
	GlobalSection(ExtensibilityGlobals) = postSolution
		SolutionGuid = {41FE4DDA-C2B6-4F77-86AC-363C118E38C7}
	EndGlobalSection
EndGlobal
